{
  "nodes": {
    "dotfiles": {
      "flake": false,
      "locked": {
        "lastModified": 1732543125,
        "narHash": "sha256-Eol34T28/tGKbJth7v/DS3yjXo1gXXL+LsAgAkqvPhg=",
        "owner": "chun-awa",
        "repo": "dotfiles",
        "rev": "c4aa00de884cb1b8819803ba06daef6faaa99fdf",
        "type": "github"
      },
      "original": {
        "owner": "chun-awa",
        "repo": "dotfiles",
        "type": "github"
      }
    },
    "grub2-themes": {
      "inputs": {
        "nixpkgs": "nixpkgs"
      },
      "locked": {
        "lastModified": 1730004881,
        "narHash": "sha256-8xVIqIW25o2uCL0fxAmP4Sj9sdebarQXmd1+64yMe8o=",
        "owner": "vinceliuice",
        "repo": "grub2-themes",
        "rev": "42c232dfb46bf93c17506cbc1a574e5e89b5e09f",
        "type": "github"
      },
      "original": {
        "owner": "vinceliuice",
        "repo": "grub2-themes",
        "type": "github"
      }
    },
    "home-manager": {
      "inputs": {
        "nixpkgs": [
          "nixpkgs"
        ]
      },
      "locked": {
        "lastModified": 1733482664,
        "narHash": "sha256-ZD+h1fwvZs+Xvg46lzTWveAqyDe18h9m7wZnTIJfFZ4=",
        "owner": "nix-community",
        "repo": "home-manager",
        "rev": "e38d3dd1d355a003cc63e8fe6ff66ef2257509ed",
        "type": "github"
      },
      "original": {
        "owner": "nix-community",
        "ref": "release-24.11",
        "repo": "home-manager",
        "type": "github"
      }
    },
    "nix-flatpak": {
      "locked": {
        "lastModified": 1733228754,
        "narHash": "sha256-Jbt4imHmz5Z0jdaW7RrwAO1HYCmPs3XCt4j86jkG0b4=",
        "owner": "gmodena",
        "repo": "nix-flatpak",
        "rev": "2880dc44fc8c450b4ffe1609a4bccd19ef759f5c",
        "type": "github"
      },
      "original": {
        "owner": "gmodena",
        "ref": "v0.5.1",
        "repo": "nix-flatpak",
        "type": "github"
      }
    },
    "nixos-hardware": {
      "locked": {
        "lastModified": 1733481457,
        "narHash": "sha256-IS3bxa4N1VMSh3/P6vhEAHQZecQ3oAlKCDvzCQSO5Is=",
        "owner": "NixOS",
        "repo": "nixos-hardware",
        "rev": "e563803af3526852b6b1d77107a81908c66a9fcf",
        "type": "github"
      },
      "original": {
        "owner": "NixOS",
        "ref": "master",
        "repo": "nixos-hardware",
        "type": "github"
      }
    },
    "nixpkgs": {
      "locked": {
        "lastModified": 1733515849,
        "narHash": "sha256-ceCybESzvI6AEe70/czMWe6B1H4tc11PjaPjbetVsao=",
        "owner": "NixOS",
        "repo": "nixpkgs",
        "rev": "5ee7b3912f5c991d58ef7b02458cff2fabdffebb",
        "type": "github"
      },
      "original": {
        "owner": "NixOS",
        "ref": "master",
        "repo": "nixpkgs",
        "type": "github"
      }
    },
    "nixpkgs-unstable": {
      "locked": {
        "lastModified": 1733392399,
        "narHash": "sha256-kEsTJTUQfQFIJOcLYFt/RvNxIK653ZkTBIs4DG+cBns=",
        "owner": "nixos",
        "repo": "nixpkgs",
        "rev": "d0797a04b81caeae77bcff10a9dde78bc17f5661",
        "type": "github"
      },
      "original": {
        "owner": "nixos",
        "ref": "nixos-unstable",
        "repo": "nixpkgs",
        "type": "github"
      }
    },
    "nixpkgs_2": {
      "locked": {
        "lastModified": 1733412085,
        "narHash": "sha256-FillH0qdWDt/nlO6ED7h4cmN+G9uXwGjwmCnHs0QVYM=",
        "owner": "nixos",
        "repo": "nixpkgs",
        "rev": "4dc2fc4e62dbf62b84132fe526356fbac7b03541",
        "type": "github"
      },
      "original": {
        "owner": "nixos",
        "ref": "nixos-24.11",
        "repo": "nixpkgs",
        "type": "github"
      }
    },
    "root": {
      "inputs": {
        "dotfiles": "dotfiles",
        "grub2-themes": "grub2-themes",
        "home-manager": "home-manager",
        "nix-flatpak": "nix-flatpak",
        "nixos-hardware": "nixos-hardware",
        "nixpkgs": "nixpkgs_2",
        "nixpkgs-unstable": "nixpkgs-unstable",
        "tmux-config": "tmux-config"
      }
    },
    "tmux-config": {
      "flake": false,
      "locked": {
        "lastModified": 1732642968,
        "narHash": "sha256-e7Ymv3DD7FY2i7ij9woZ6o/edJGbEfm2K8wrD2H43Yk=",
        "owner": "gpakosz",
        "repo": ".tmux",
        "rev": "4cb811769abe8a2398c7c68c8e9f00e87bad4035",
        "type": "github"
      },
      "original": {
        "owner": "gpakosz",
        "repo": ".tmux",
        "type": "github"
      }
    }
  },
  "root": "root",
  "version": 7
}
